
Microsoft Visual Studio Solution File, Format Version 12.00
# Visual Studio Version 16
VisualStudioVersion = 16.0.30114.105
MinimumVisualStudioVersion = 10.0.40219.1
Project("{FAE04EC0-301F-11D3-BF4B-00C04F79EFBC}") = "API", "API\API.csproj", "{8C4C9CF9-1683-409A-811B-C851DA1C5E93}"
EndProject
Project("{FAE04EC0-301F-11D3-BF4B-00C04F79EFBC}") = "Application", "Application\Application.csproj", "{1E6F06A8-10FC-4404-87CF-91AFCC1D39D6}"
EndProject
Project("{FAE04EC0-301F-11D3-BF4B-00C04F79EFBC}") = "Domain", "Domain\Domain.csproj", "{210D7150-5FAB-4DBF-AB88-4DE13301A153}"
EndProject
Project("{FAE04EC0-301F-11D3-BF4B-00C04F79EFBC}") = "Persistence", "Persistence\Persistence.csproj", "{271820CE-888B-41E2-8F7B-4949FD6CB626}"
EndProject
Global
	GlobalSection(SolutionConfigurationPlatforms) = preSolution
		Debug|Any CPU = Debug|Any CPU
		Release|Any CPU = Release|Any CPU
	EndGlobalSection
	GlobalSection(SolutionProperties) = preSolution
		HideSolutionNode = FALSE
	EndGlobalSection
	GlobalSection(ProjectConfigurationPlatforms) = postSolution
		{8C4C9CF9-1683-409A-811B-C851DA1C5E93}.Debug|Any CPU.ActiveCfg = Debug|Any CPU
		{8C4C9CF9-1683-409A-811B-C851DA1C5E93}.Debug|Any CPU.Build.0 = Debug|Any CPU
		{8C4C9CF9-1683-409A-811B-C851DA1C5E93}.Release|Any CPU.ActiveCfg = Release|Any CPU
		{8C4C9CF9-1683-409A-811B-C851DA1C5E93}.Release|Any CPU.Build.0 = Release|Any CPU
		{1E6F06A8-10FC-4404-87CF-91AFCC1D39D6}.Debug|Any CPU.ActiveCfg = Debug|Any CPU
		{1E6F06A8-10FC-4404-87CF-91AFCC1D39D6}.Debug|Any CPU.Build.0 = Debug|Any CPU
		{1E6F06A8-10FC-4404-87CF-91AFCC1D39D6}.Release|Any CPU.ActiveCfg = Release|Any CPU
		{1E6F06A8-10FC-4404-87CF-91AFCC1D39D6}.Release|Any CPU.Build.0 = Release|Any CPU
		{210D7150-5FAB-4DBF-AB88-4DE13301A153}.Debug|Any CPU.ActiveCfg = Debug|Any CPU
		{210D7150-5FAB-4DBF-AB88-4DE13301A153}.Debug|Any CPU.Build.0 = Debug|Any CPU
		{210D7150-5FAB-4DBF-AB88-4DE13301A153}.Release|Any CPU.ActiveCfg = Release|Any CPU
		{210D7150-5FAB-4DBF-AB88-4DE13301A153}.Release|Any CPU.Build.0 = Release|Any CPU
		{271820CE-888B-41E2-8F7B-4949FD6CB626}.Debug|Any CPU.ActiveCfg = Debug|Any CPU
		{271820CE-888B-41E2-8F7B-4949FD6CB626}.Debug|Any CPU.Build.0 = Debug|Any CPU
		{271820CE-888B-41E2-8F7B-4949FD6CB626}.Release|Any CPU.ActiveCfg = Release|Any CPU
		{271820CE-888B-41E2-8F7B-4949FD6CB626}.Release|Any CPU.Build.0 = Release|Any CPU
	EndGlobalSection
EndGlobal
